
Microsoft Visual Studio Solution File, Format Version 12.00
# Visual Studio Version 16
VisualStudioVersion = 16.0.31727.386
MinimumVisualStudioVersion = 10.0.40219.1
Project("{FAE04EC0-301F-11D3-BF4B-00C04F79EFBC}") = "ProdavnicaVoca", "ProdavnicaVoca\ProdavnicaVoca.csproj", "{C07E0C37-19BC-454A-92AC-7BFEACBFF67A}"
EndProject
Project("{FAE04EC0-301F-11D3-BF4B-00C04F79EFBC}") = "DataAccessLayer", "DataAccessLayer\DataAccessLayer.csproj", "{2812149E-FFFE-4ADE-BFEF-357F16D2F779}"
EndProject
Project("{FAE04EC0-301F-11D3-BF4B-00C04F79EFBC}") = "BusinessLayer", "BusinessLayer\BusinessLayer.csproj", "{D586FA3B-AE40-41C3-BA09-812CE23640A5}"
EndProject
Global
	GlobalSection(SolutionConfigurationPlatforms) = preSolution
		Debug|Any CPU = Debug|Any CPU
		Release|Any CPU = Release|Any CPU
	EndGlobalSection
	GlobalSection(ProjectConfigurationPlatforms) = postSolution
		{C07E0C37-19BC-454A-92AC-7BFEACBFF67A}.Debug|Any CPU.ActiveCfg = Debug|Any CPU
		{C07E0C37-19BC-454A-92AC-7BFEACBFF67A}.Debug|Any CPU.Build.0 = Debug|Any CPU
		{C07E0C37-19BC-454A-92AC-7BFEACBFF67A}.Release|Any CPU.ActiveCfg = Release|Any CPU
		{C07E0C37-19BC-454A-92AC-7BFEACBFF67A}.Release|Any CPU.Build.0 = Release|Any CPU
		{2812149E-FFFE-4ADE-BFEF-357F16D2F779}.Debug|Any CPU.ActiveCfg = Debug|Any CPU
		{2812149E-FFFE-4ADE-BFEF-357F16D2F779}.Debug|Any CPU.Build.0 = Debug|Any CPU
		{2812149E-FFFE-4ADE-BFEF-357F16D2F779}.Release|Any CPU.ActiveCfg = Release|Any CPU
		{2812149E-FFFE-4ADE-BFEF-357F16D2F779}.Release|Any CPU.Build.0 = Release|Any CPU
		{D586FA3B-AE40-41C3-BA09-812CE23640A5}.Debug|Any CPU.ActiveCfg = Debug|Any CPU
		{D586FA3B-AE40-41C3-BA09-812CE23640A5}.Debug|Any CPU.Build.0 = Debug|Any CPU
		{D586FA3B-AE40-41C3-BA09-812CE23640A5}.Release|Any CPU.ActiveCfg = Release|Any CPU
		{D586FA3B-AE40-41C3-BA09-812CE23640A5}.Release|Any CPU.Build.0 = Release|Any CPU
	EndGlobalSection
	GlobalSection(SolutionProperties) = preSolution
		HideSolutionNode = FALSE
	EndGlobalSection
	GlobalSection(ExtensibilityGlobals) = postSolution
		SolutionGuid = {F251C881-BDB9-4761-9FB7-072AB80785F0}
	EndGlobalSection
EndGlobal
